{
  "name": "elm-ffi-node",
  "lockfileVersion": 2,
  "requires": true,
  "packages": {
    "": {
      "devDependencies": {
        "elm-ffi": "github:pravdomil/elm-ffi"
      }
    },
    "node_modules/elm-ffi": {
      "resolved": "git+ssh://git@github.com/pravdomil/elm-ffi.git#63c78c50b37eed0834dc61b58aa3ff1dc958bcdc",
      "dev": true,
      "bin": {
        "elm-ffi": "bin/elm-ffi"
      }
    }
  },
  "dependencies": {
    "elm-ffi": {
      "version": "git+ssh://git@github.com/pravdomil/elm-ffi.git#63c78c50b37eed0834dc61b58aa3ff1dc958bcdc",
      "dev": true,
      "from": "elm-ffi@github:pravdomil/elm-ffi"
    }
  }
}
