{
  "name": "elm-ffi-node",
  "lockfileVersion": 3,
  "requires": true,
  "packages": {
    "": {
      "name": "elm-ffi-node",
      "devDependencies": {
        "elm-data": "github:pravdomil/elm-data",
        "elm-ffi": "github:pravdomil/elm-ffi",
        "elm-utils": "github:pravdomil/elm-utils"
      }
    },
    "node_modules/elm-data": {
      "resolved": "git+ssh://git@github.com/pravdomil/elm-data.git#d82d19ca5f001df3784954ca3fbaa7b24910001f",
      "dev": true
    },
    "node_modules/elm-ffi": {
      "resolved": "git+ssh://git@github.com/pravdomil/elm-ffi.git#c30c49cbadede15ca14172a6e4d4ecd2ad29f15a",
      "dev": true,
      "bin": {
        "elm-ffi": "bin/elm-ffi"
      }
    },
    "node_modules/elm-utils": {
      "resolved": "git+ssh://git@github.com/pravdomil/elm-utils.git#d6756d6ebd66774170a8946a3427aa1486a37b13",
      "dev": true
    }
  }
}
